
Microsoft Visual Studio Solution File, Format Version 12.00
# Visual Studio Version 17
VisualStudioVersion = 17.0.32112.339
MinimumVisualStudioVersion = 10.0.40219.1
Project("{9A19103F-16F7-4668-BE54-9A1E7A4F7556}") = "AIC.Functionality", "AIC.Functionality\AIC.Functionality.csproj", "{5A62A72B-DE70-4D98-AE4C-B8D601213AE1}"
	ProjectSection(ProjectDependencies) = postProject
		{688E43A2-3CF1-4CAF-A028-A39888E332B3} = {688E43A2-3CF1-4CAF-A028-A39888E332B3}
	EndProjectSection
EndProject
Project("{9A19103F-16F7-4668-BE54-9A1E7A4F7556}") = "AIC.Data", "AIC.Data\AIC.Data.csproj", "{688E43A2-3CF1-4CAF-A028-A39888E332B3}"
EndProject
Project("{9A19103F-16F7-4668-BE54-9A1E7A4F7556}") = "AIC.Sorting", "AIC.Sorting\AIC.Sorting.csproj", "{7E6A193A-2D48-4F40-8DBF-5B925E4A83C8}"
EndProject
Project("{FAE04EC0-301F-11D3-BF4B-00C04F79EFBC}") = "AIC.Refactoring", "AIC.Refactoring\AIC.Refactoring.csproj", "{C4543CA6-65A1-4CA7-8968-5169D56ABA47}"
EndProject
Project("{FAE04EC0-301F-11D3-BF4B-00C04F79EFBC}") = "AIC.Tests", "AIC.Tests\AIC.Tests.csproj", "{436E590D-EF84-48B4-8E3E-48C88A136E2E}"
EndProject
Global
	GlobalSection(SolutionConfigurationPlatforms) = preSolution
		Debug|Any CPU = Debug|Any CPU
		Release|Any CPU = Release|Any CPU
	EndGlobalSection
	GlobalSection(ProjectConfigurationPlatforms) = postSolution
		{5A62A72B-DE70-4D98-AE4C-B8D601213AE1}.Debug|Any CPU.ActiveCfg = Debug|Any CPU
		{5A62A72B-DE70-4D98-AE4C-B8D601213AE1}.Debug|Any CPU.Build.0 = Debug|Any CPU
		{5A62A72B-DE70-4D98-AE4C-B8D601213AE1}.Release|Any CPU.ActiveCfg = Release|Any CPU
		{5A62A72B-DE70-4D98-AE4C-B8D601213AE1}.Release|Any CPU.Build.0 = Release|Any CPU
		{688E43A2-3CF1-4CAF-A028-A39888E332B3}.Debug|Any CPU.ActiveCfg = Debug|Any CPU
		{688E43A2-3CF1-4CAF-A028-A39888E332B3}.Debug|Any CPU.Build.0 = Debug|Any CPU
		{688E43A2-3CF1-4CAF-A028-A39888E332B3}.Release|Any CPU.ActiveCfg = Release|Any CPU
		{688E43A2-3CF1-4CAF-A028-A39888E332B3}.Release|Any CPU.Build.0 = Release|Any CPU
		{7E6A193A-2D48-4F40-8DBF-5B925E4A83C8}.Debug|Any CPU.ActiveCfg = Debug|Any CPU
		{7E6A193A-2D48-4F40-8DBF-5B925E4A83C8}.Debug|Any CPU.Build.0 = Debug|Any CPU
		{7E6A193A-2D48-4F40-8DBF-5B925E4A83C8}.Release|Any CPU.ActiveCfg = Release|Any CPU
		{7E6A193A-2D48-4F40-8DBF-5B925E4A83C8}.Release|Any CPU.Build.0 = Release|Any CPU
		{C4543CA6-65A1-4CA7-8968-5169D56ABA47}.Debug|Any CPU.ActiveCfg = Debug|Any CPU
		{C4543CA6-65A1-4CA7-8968-5169D56ABA47}.Debug|Any CPU.Build.0 = Debug|Any CPU
		{C4543CA6-65A1-4CA7-8968-5169D56ABA47}.Release|Any CPU.ActiveCfg = Release|Any CPU
		{C4543CA6-65A1-4CA7-8968-5169D56ABA47}.Release|Any CPU.Build.0 = Release|Any CPU
		{436E590D-EF84-48B4-8E3E-48C88A136E2E}.Debug|Any CPU.ActiveCfg = Debug|Any CPU
		{436E590D-EF84-48B4-8E3E-48C88A136E2E}.Debug|Any CPU.Build.0 = Debug|Any CPU
		{436E590D-EF84-48B4-8E3E-48C88A136E2E}.Release|Any CPU.ActiveCfg = Release|Any CPU
		{436E590D-EF84-48B4-8E3E-48C88A136E2E}.Release|Any CPU.Build.0 = Release|Any CPU
	EndGlobalSection
	GlobalSection(SolutionProperties) = preSolution
		HideSolutionNode = FALSE
	EndGlobalSection
	GlobalSection(ExtensibilityGlobals) = postSolution
		SolutionGuid = {907FDE7E-8D61-44CF-ACC0-20528DCA7711}
	EndGlobalSection
EndGlobal
